// !$*UTF8*$!
{
	archiveVersion = 1;
	classes = {
	};
	objectVersion = 46;
	objects = {

/* Begin PBXBuildFile section */
		E418B3F81C6DA64A009420F0 /* postgreSQLConnect.swift in Sources */ = {isa = PBXBuildFile; fileRef = E418B3F71C6DA64A009420F0 /* postgreSQLConnect.swift */; };
		E45AD5631C9D9B2200133BC7 /* mathTest.swift in Sources */ = {isa = PBXBuildFile; fileRef = E45AD5621C9D9B2200133BC7 /* mathTest.swift */; };
		E45AD5651C9D9B3800133BC7 /* algorithmTest.swift in Sources */ = {isa = PBXBuildFile; fileRef = E45AD5641C9D9B3800133BC7 /* algorithmTest.swift */; };
		E45F85551C8BC60A008E25D5 /* People.swift in Sources */ = {isa = PBXBuildFile; fileRef = E493F1AE1C8A78B10030BD68 /* People.swift */; };
		E45F85561C8BC60A008E25D5 /* Movie.swift in Sources */ = {isa = PBXBuildFile; fileRef = E493F1AC1C8A78AD0030BD68 /* Movie.swift */; };
		E45F85571C8BC60A008E25D5 /* Math.swift in Sources */ = {isa = PBXBuildFile; fileRef = E493F1A71C8A78050030BD68 /* Math.swift */; };
		E45F85581C8BC60A008E25D5 /* recommenderAlgorithm.swift in Sources */ = {isa = PBXBuildFile; fileRef = E493F1AA1C8A784B0030BD68 /* recommenderAlgorithm.swift */; };
		E45F85591C8BC60A008E25D5 /* PerfectHandlers.swift in Sources */ = {isa = PBXBuildFile; fileRef = E46183381C54D72400C4D886 /* PerfectHandlers.swift */; };
		E45F855A1C8BC60A008E25D5 /* postgreSQLConnect.swift in Sources */ = {isa = PBXBuildFile; fileRef = E418B3F71C6DA64A009420F0 /* postgreSQLConnect.swift */; };
		E45F855C1C8BC60A008E25D5 /* UserUserCFHandler.swift in Sources */ = {isa = PBXBuildFile; fileRef = E493F1A51C8A775E0030BD68 /* UserUserCFHandler.swift */; };
		E45F855D1C8BC60D008E25D5 /* PerfectLib.framework in Frameworks */ = {isa = PBXBuildFile; fileRef = E49A2A291C54D7F600FF7DD5 /* PerfectLib.framework */; };
		E45F855E1C8BC60F008E25D5 /* PostgreSQL.framework in Frameworks */ = {isa = PBXBuildFile; fileRef = E49A2A2A1C54D7F600FF7DD5 /* PostgreSQL.framework */; };
		E45F85601C8BC6BA008E25D5 /* CFTest.swift in Sources */ = {isa = PBXBuildFile; fileRef = E45F855F1C8BC6BA008E25D5 /* CFTest.swift */; };
		E461831E1C54D69000C4D886 /* rcmdServer.h in Headers */ = {isa = PBXBuildFile; fileRef = E461831D1C54D69000C4D886 /* rcmdServer.h */; settings = {ATTRIBUTES = (Public, ); }; };
		E46183251C54D69000C4D886 /* rcmdServer.framework in Frameworks */ = {isa = PBXBuildFile; fileRef = E461831A1C54D69000C4D886 /* rcmdServer.framework */; };
		E461832A1C54D69000C4D886 /* rcmdServerTests.swift in Sources */ = {isa = PBXBuildFile; fileRef = E46183291C54D69000C4D886 /* rcmdServerTests.swift */; };
		E46183391C54D72400C4D886 /* PerfectHandlers.swift in Sources */ = {isa = PBXBuildFile; fileRef = E46183381C54D72400C4D886 /* PerfectHandlers.swift */; };
		E48605971CB10A6200CDC0C9 /* Global.swift in Sources */ = {isa = PBXBuildFile; fileRef = E48605961CB10A6200CDC0C9 /* Global.swift */; };
		E48605981CB10AC100CDC0C9 /* Global.swift in Sources */ = {isa = PBXBuildFile; fileRef = E48605961CB10A6200CDC0C9 /* Global.swift */; };
		E486059A1CB1323600CDC0C9 /* ItemItemCFHandler.swift in Sources */ = {isa = PBXBuildFile; fileRef = E48605991CB1323600CDC0C9 /* ItemItemCFHandler.swift */; };
		E486059B1CB132AC00CDC0C9 /* ItemItemCFHandler.swift in Sources */ = {isa = PBXBuildFile; fileRef = E48605991CB1323600CDC0C9 /* ItemItemCFHandler.swift */; };
		E486059D1CB147B700CDC0C9 /* ItemDetailHandler.swift in Sources */ = {isa = PBXBuildFile; fileRef = E486059C1CB147B700CDC0C9 /* ItemDetailHandler.swift */; };
		E486059F1CB14A8400CDC0C9 /* StringExtension.swift in Sources */ = {isa = PBXBuildFile; fileRef = E486059E1CB14A8400CDC0C9 /* StringExtension.swift */; };
		E48605A11CB14DE400CDC0C9 /* MovieSearchHandler.swift in Sources */ = {isa = PBXBuildFile; fileRef = E48605A01CB14DE400CDC0C9 /* MovieSearchHandler.swift */; };
		E48605A51CB177EF00CDC0C9 /* topNMoviesHandler.swift in Sources */ = {isa = PBXBuildFile; fileRef = E48605A41CB177EF00CDC0C9 /* topNMoviesHandler.swift */; };
		E48605A71CB2614C00CDC0C9 /* RatingPOSTHandler.swift in Sources */ = {isa = PBXBuildFile; fileRef = E48605A61CB2614C00CDC0C9 /* RatingPOSTHandler.swift */; };
		E48605A81CB261FD00CDC0C9 /* RatingPOSTHandler.swift in Sources */ = {isa = PBXBuildFile; fileRef = E48605A61CB2614C00CDC0C9 /* RatingPOSTHandler.swift */; };
		E493F1A61C8A775E0030BD68 /* UserUserCFHandler.swift in Sources */ = {isa = PBXBuildFile; fileRef = E493F1A51C8A775E0030BD68 /* UserUserCFHandler.swift */; };
		E493F1A81C8A78050030BD68 /* Math.swift in Sources */ = {isa = PBXBuildFile; fileRef = E493F1A71C8A78050030BD68 /* Math.swift */; };
		E493F1AB1C8A784B0030BD68 /* recommenderAlgorithm.swift in Sources */ = {isa = PBXBuildFile; fileRef = E493F1AA1C8A784B0030BD68 /* recommenderAlgorithm.swift */; };
		E493F1AD1C8A78AD0030BD68 /* Movie.swift in Sources */ = {isa = PBXBuildFile; fileRef = E493F1AC1C8A78AD0030BD68 /* Movie.swift */; };
		E493F1AF1C8A78B10030BD68 /* People.swift in Sources */ = {isa = PBXBuildFile; fileRef = E493F1AE1C8A78B10030BD68 /* People.swift */; };
		E49A2A2B1C54D7F600FF7DD5 /* PerfectLib.framework in Frameworks */ = {isa = PBXBuildFile; fileRef = E49A2A291C54D7F600FF7DD5 /* PerfectLib.framework */; };
		E49A2A2C1C54D7F600FF7DD5 /* PostgreSQL.framework in Frameworks */ = {isa = PBXBuildFile; fileRef = E49A2A2A1C54D7F600FF7DD5 /* PostgreSQL.framework */; };
		E4CB45EB1CAFCA1500D49192 /* DataManager.swift in Sources */ = {isa = PBXBuildFile; fileRef = E4CB45EA1CAFCA1500D49192 /* DataManager.swift */; };
		E4CB45EC1CAFCF2100D49192 /* DataManager.swift in Sources */ = {isa = PBXBuildFile; fileRef = E4CB45EA1CAFCA1500D49192 /* DataManager.swift */; };
/* End PBXBuildFile section */

/* Begin PBXContainerItemProxy section */
		E46183261C54D69000C4D886 /* PBXContainerItemProxy */ = {
			isa = PBXContainerItemProxy;
			containerPortal = E46183111C54D69000C4D886 /* Project object */;
			proxyType = 1;
			remoteGlobalIDString = E46183191C54D69000C4D886;
			remoteInfo = rcmdServer;
		};
/* End PBXContainerItemProxy section */

/* Begin PBXFileReference section */
		E418B3F71C6DA64A009420F0 /* postgreSQLConnect.swift */ = {isa = PBXFileReference; fileEncoding = 4; lastKnownFileType = sourcecode.swift; path = postgreSQLConnect.swift; sourceTree = "<group>"; };
		E45AD5621C9D9B2200133BC7 /* mathTest.swift */ = {isa = PBXFileReference; fileEncoding = 4; lastKnownFileType = sourcecode.swift; path = mathTest.swift; sourceTree = "<group>"; };
		E45AD5641C9D9B3800133BC7 /* algorithmTest.swift */ = {isa = PBXFileReference; fileEncoding = 4; lastKnownFileType = sourcecode.swift; path = algorithmTest.swift; sourceTree = "<group>"; };
		E45F855F1C8BC6BA008E25D5 /* CFTest.swift */ = {isa = PBXFileReference; fileEncoding = 4; lastKnownFileType = sourcecode.swift; path = CFTest.swift; sourceTree = "<group>"; };
		E461831A1C54D69000C4D886 /* rcmdServer.framework */ = {isa = PBXFileReference; explicitFileType = wrapper.framework; includeInIndex = 0; path = rcmdServer.framework; sourceTree = BUILT_PRODUCTS_DIR; };
		E461831D1C54D69000C4D886 /* rcmdServer.h */ = {isa = PBXFileReference; lastKnownFileType = sourcecode.c.h; path = rcmdServer.h; sourceTree = "<group>"; };
		E461831F1C54D69000C4D886 /* Info.plist */ = {isa = PBXFileReference; lastKnownFileType = text.plist.xml; path = Info.plist; sourceTree = "<group>"; };
		E46183241C54D69000C4D886 /* rcmdServerTests.xctest */ = {isa = PBXFileReference; explicitFileType = wrapper.cfbundle; includeInIndex = 0; path = rcmdServerTests.xctest; sourceTree = BUILT_PRODUCTS_DIR; };
		E46183291C54D69000C4D886 /* rcmdServerTests.swift */ = {isa = PBXFileReference; lastKnownFileType = sourcecode.swift; path = rcmdServerTests.swift; sourceTree = "<group>"; };
		E461832B1C54D69000C4D886 /* Info.plist */ = {isa = PBXFileReference; lastKnownFileType = text.plist.xml; path = Info.plist; sourceTree = "<group>"; };
		E46183381C54D72400C4D886 /* PerfectHandlers.swift */ = {isa = PBXFileReference; fileEncoding = 4; lastKnownFileType = sourcecode.swift; path = PerfectHandlers.swift; sourceTree = "<group>"; };
		E48605961CB10A6200CDC0C9 /* Global.swift */ = {isa = PBXFileReference; fileEncoding = 4; lastKnownFileType = sourcecode.swift; path = Global.swift; sourceTree = "<group>"; };
		E48605991CB1323600CDC0C9 /* ItemItemCFHandler.swift */ = {isa = PBXFileReference; fileEncoding = 4; lastKnownFileType = sourcecode.swift; path = ItemItemCFHandler.swift; sourceTree = "<group>"; };
		E486059C1CB147B700CDC0C9 /* ItemDetailHandler.swift */ = {isa = PBXFileReference; fileEncoding = 4; lastKnownFileType = sourcecode.swift; path = ItemDetailHandler.swift; sourceTree = "<group>"; };
		E486059E1CB14A8400CDC0C9 /* StringExtension.swift */ = {isa = PBXFileReference; fileEncoding = 4; lastKnownFileType = sourcecode.swift; path = StringExtension.swift; sourceTree = "<group>"; };
		E48605A01CB14DE400CDC0C9 /* MovieSearchHandler.swift */ = {isa = PBXFileReference; fileEncoding = 4; lastKnownFileType = sourcecode.swift; path = MovieSearchHandler.swift; sourceTree = "<group>"; };
		E48605A41CB177EF00CDC0C9 /* topNMoviesHandler.swift */ = {isa = PBXFileReference; fileEncoding = 4; lastKnownFileType = sourcecode.swift; path = topNMoviesHandler.swift; sourceTree = "<group>"; };
		E48605A61CB2614C00CDC0C9 /* RatingPOSTHandler.swift */ = {isa = PBXFileReference; fileEncoding = 4; lastKnownFileType = sourcecode.swift; path = RatingPOSTHandler.swift; sourceTree = "<group>"; };
		E493F1A51C8A775E0030BD68 /* UserUserCFHandler.swift */ = {isa = PBXFileReference; fileEncoding = 4; lastKnownFileType = sourcecode.swift; path = UserUserCFHandler.swift; sourceTree = "<group>"; };
		E493F1A71C8A78050030BD68 /* Math.swift */ = {isa = PBXFileReference; fileEncoding = 4; lastKnownFileType = sourcecode.swift; path = Math.swift; sourceTree = "<group>"; };
		E493F1AA1C8A784B0030BD68 /* recommenderAlgorithm.swift */ = {isa = PBXFileReference; fileEncoding = 4; lastKnownFileType = sourcecode.swift; path = recommenderAlgorithm.swift; sourceTree = "<group>"; };
		E493F1AC1C8A78AD0030BD68 /* Movie.swift */ = {isa = PBXFileReference; fileEncoding = 4; lastKnownFileType = sourcecode.swift; path = Movie.swift; sourceTree = "<group>"; };
		E493F1AE1C8A78B10030BD68 /* People.swift */ = {isa = PBXFileReference; fileEncoding = 4; lastKnownFileType = sourcecode.swift; path = People.swift; sourceTree = "<group>"; };
		E49A2A291C54D7F600FF7DD5 /* PerfectLib.framework */ = {isa = PBXFileReference; lastKnownFileType = wrapper.framework; name = PerfectLib.framework; path = /Library/Frameworks/PerfectLib.framework; sourceTree = "<absolute>"; };
		E49A2A2A1C54D7F600FF7DD5 /* PostgreSQL.framework */ = {isa = PBXFileReference; lastKnownFileType = wrapper.framework; name = PostgreSQL.framework; path = /Library/Frameworks/PostgreSQL.framework; sourceTree = "<absolute>"; };
		E4CB45EA1CAFCA1500D49192 /* DataManager.swift */ = {isa = PBXFileReference; fileEncoding = 4; lastKnownFileType = sourcecode.swift; path = DataManager.swift; sourceTree = "<group>"; };
/* End PBXFileReference section */

/* Begin PBXFrameworksBuildPhase section */
		E46183161C54D69000C4D886 /* Frameworks */ = {
			isa = PBXFrameworksBuildPhase;
			buildActionMask = 2147483647;
			files = (
				E49A2A2B1C54D7F600FF7DD5 /* PerfectLib.framework in Frameworks */,
				E49A2A2C1C54D7F600FF7DD5 /* PostgreSQL.framework in Frameworks */,
			);
			runOnlyForDeploymentPostprocessing = 0;
		};
		E46183211C54D69000C4D886 /* Frameworks */ = {
			isa = PBXFrameworksBuildPhase;
			buildActionMask = 2147483647;
			files = (
				E46183251C54D69000C4D886 /* rcmdServer.framework in Frameworks */,
				E45F855D1C8BC60D008E25D5 /* PerfectLib.framework in Frameworks */,
				E45F855E1C8BC60F008E25D5 /* PostgreSQL.framework in Frameworks */,
			);
			runOnlyForDeploymentPostprocessing = 0;
		};
/* End PBXFrameworksBuildPhase section */

/* Begin PBXGroup section */
		E46183101C54D69000C4D886 = {
			isa = PBXGroup;
			children = (
				E493F1B01C8A78CE0030BD68 /* Model */,
				E493F1A91C8A78120030BD68 /* Algorithm */,
				E461831C1C54D69000C4D886 /* rcmdServer */,
				E461831B1C54D69000C4D886 /* Products */,
				E46183281C54D69000C4D886 /* rcmdServerTests */,
				E49A2A2D1C54D91500FF7DD5 /* Framework */,
			);
			sourceTree = "<group>";
		};
		E461831B1C54D69000C4D886 /* Products */ = {
			isa = PBXGroup;
			children = (
				E461831A1C54D69000C4D886 /* rcmdServer.framework */,
				E46183241C54D69000C4D886 /* rcmdServerTests.xctest */,
			);
			name = Products;
			sourceTree = "<group>";
		};
		E461831C1C54D69000C4D886 /* rcmdServer */ = {
			isa = PBXGroup;
			children = (
				E46183381C54D72400C4D886 /* PerfectHandlers.swift */,
				E418B3F71C6DA64A009420F0 /* postgreSQLConnect.swift */,
				E48605A41CB177EF00CDC0C9 /* topNMoviesHandler.swift */,
				E493F1A51C8A775E0030BD68 /* UserUserCFHandler.swift */,
				E48605991CB1323600CDC0C9 /* ItemItemCFHandler.swift */,
				E486059C1CB147B700CDC0C9 /* ItemDetailHandler.swift */,
				E48605A01CB14DE400CDC0C9 /* MovieSearchHandler.swift */,
				E48605A61CB2614C00CDC0C9 /* RatingPOSTHandler.swift */,
				E4CB45EA1CAFCA1500D49192 /* DataManager.swift */,
				E486059E1CB14A8400CDC0C9 /* StringExtension.swift */,
				E461831D1C54D69000C4D886 /* rcmdServer.h */,
				E461831F1C54D69000C4D886 /* Info.plist */,
			);
			path = rcmdServer;
			sourceTree = "<group>";
		};
		E46183281C54D69000C4D886 /* rcmdServerTests */ = {
			isa = PBXGroup;
			children = (
				E46183291C54D69000C4D886 /* rcmdServerTests.swift */,
				E45F855F1C8BC6BA008E25D5 /* CFTest.swift */,
				E45AD5621C9D9B2200133BC7 /* mathTest.swift */,
				E45AD5641C9D9B3800133BC7 /* algorithmTest.swift */,
				E461832B1C54D69000C4D886 /* Info.plist */,
			);
			path = rcmdServerTests;
			sourceTree = SOURCE_ROOT;
		};
		E493F1A91C8A78120030BD68 /* Algorithm */ = {
			isa = PBXGroup;
			children = (
				E493F1A71C8A78050030BD68 /* Math.swift */,
				E493F1AA1C8A784B0030BD68 /* recommenderAlgorithm.swift */,
				E48605961CB10A6200CDC0C9 /* Global.swift */,
			);
			name = Algorithm;
			sourceTree = "<group>";
		};
		E493F1B01C8A78CE0030BD68 /* Model */ = {
			isa = PBXGroup;
			children = (
				E493F1AE1C8A78B10030BD68 /* People.swift */,
				E493F1AC1C8A78AD0030BD68 /* Movie.swift */,
			);
			name = Model;
			sourceTree = "<group>";
		};
		E49A2A2D1C54D91500FF7DD5 /* Framework */ = {
			isa = PBXGroup;
			children = (
				E49A2A291C54D7F600FF7DD5 /* PerfectLib.framework */,
				E49A2A2A1C54D7F600FF7DD5 /* PostgreSQL.framework */,
			);
			name = Framework;
			sourceTree = "<group>";
		};
/* End PBXGroup section */

/* Begin PBXHeadersBuildPhase section */
		E46183171C54D69000C4D886 /* Headers */ = {
			isa = PBXHeadersBuildPhase;
			buildActionMask = 2147483647;
			files = (
				E461831E1C54D69000C4D886 /* rcmdServer.h in Headers */,
			);
			runOnlyForDeploymentPostprocessing = 0;
		};
/* End PBXHeadersBuildPhase section */

/* Begin PBXNativeTarget section */
		E46183191C54D69000C4D886 /* rcmdServer */ = {
			isa = PBXNativeTarget;
			buildConfigurationList = E461832E1C54D69000C4D886 /* Build configuration list for PBXNativeTarget "rcmdServer" */;
			buildPhases = (
				E46183151C54D69000C4D886 /* Sources */,
				E46183161C54D69000C4D886 /* Frameworks */,
				E46183171C54D69000C4D886 /* Headers */,
				E46183181C54D69000C4D886 /* Resources */,
			);
			buildRules = (
			);
			dependencies = (
			);
			name = rcmdServer;
			productName = rcmdServer;
			productReference = E461831A1C54D69000C4D886 /* rcmdServer.framework */;
			productType = "com.apple.product-type.framework";
		};
		E46183231C54D69000C4D886 /* rcmdServerTests */ = {
			isa = PBXNativeTarget;
			buildConfigurationList = E46183311C54D69000C4D886 /* Build configuration list for PBXNativeTarget "rcmdServerTests" */;
			buildPhases = (
				E46183201C54D69000C4D886 /* Sources */,
				E46183211C54D69000C4D886 /* Frameworks */,
				E46183221C54D69000C4D886 /* Resources */,
			);
			buildRules = (
			);
			dependencies = (
				E46183271C54D69000C4D886 /* PBXTargetDependency */,
			);
			name = rcmdServerTests;
			productName = rcmdServerTests;
			productReference = E46183241C54D69000C4D886 /* rcmdServerTests.xctest */;
			productType = "com.apple.product-type.bundle.unit-test";
		};
/* End PBXNativeTarget section */

/* Begin PBXProject section */
		E46183111C54D69000C4D886 /* Project object */ = {
			isa = PBXProject;
			attributes = {
				LastSwiftUpdateCheck = 0720;
				LastUpgradeCheck = 0720;
				ORGANIZATIONNAME = "Song Zhou";
				TargetAttributes = {
					E46183191C54D69000C4D886 = {
						CreatedOnToolsVersion = 7.2;
					};
					E46183231C54D69000C4D886 = {
						CreatedOnToolsVersion = 7.2;
					};
				};
			};
			buildConfigurationList = E46183141C54D69000C4D886 /* Build configuration list for PBXProject "rcmdServer" */;
			compatibilityVersion = "Xcode 3.2";
			developmentRegion = English;
			hasScannedForEncodings = 0;
			knownRegions = (
				en,
			);
			mainGroup = E46183101C54D69000C4D886;
			productRefGroup = E461831B1C54D69000C4D886 /* Products */;
			projectDirPath = "";
			projectRoot = "";
			targets = (
				E46183191C54D69000C4D886 /* rcmdServer */,
				E46183231C54D69000C4D886 /* rcmdServerTests */,
			);
		};
/* End PBXProject section */

/* Begin PBXResourcesBuildPhase section */
		E46183181C54D69000C4D886 /* Resources */ = {
			isa = PBXResourcesBuildPhase;
			buildActionMask = 2147483647;
			files = (
			);
			runOnlyForDeploymentPostprocessing = 0;
		};
		E46183221C54D69000C4D886 /* Resources */ = {
			isa = PBXResourcesBuildPhase;
			buildActionMask = 2147483647;
			files = (
			);
			runOnlyForDeploymentPostprocessing = 0;
		};
/* End PBXResourcesBuildPhase section */

/* Begin PBXSourcesBuildPhase section */
		E46183151C54D69000C4D886 /* Sources */ = {
			isa = PBXSourcesBuildPhase;
			buildActionMask = 2147483647;
			files = (
				E486059D1CB147B700CDC0C9 /* ItemDetailHandler.swift in Sources */,
				E493F1AD1C8A78AD0030BD68 /* Movie.swift in Sources */,
				E46183391C54D72400C4D886 /* PerfectHandlers.swift in Sources */,
				E48605A11CB14DE400CDC0C9 /* MovieSearchHandler.swift in Sources */,
				E418B3F81C6DA64A009420F0 /* postgreSQLConnect.swift in Sources */,
				E493F1AF1C8A78B10030BD68 /* People.swift in Sources */,
				E48605A71CB2614C00CDC0C9 /* RatingPOSTHandler.swift in Sources */,
				E493F1AB1C8A784B0030BD68 /* recommenderAlgorithm.swift in Sources */,
				E493F1A61C8A775E0030BD68 /* UserUserCFHandler.swift in Sources */,
				E48605A51CB177EF00CDC0C9 /* topNMoviesHandler.swift in Sources */,
				E4CB45EB1CAFCA1500D49192 /* DataManager.swift in Sources */,
				E48605971CB10A6200CDC0C9 /* Global.swift in Sources */,
				E486059A1CB1323600CDC0C9 /* ItemItemCFHandler.swift in Sources */,
				E486059F1CB14A8400CDC0C9 /* StringExtension.swift in Sources */,
				E493F1A81C8A78050030BD68 /* Math.swift in Sources */,
			);
			runOnlyForDeploymentPostprocessing = 0;
		};
		E46183201C54D69000C4D886 /* Sources */ = {
			isa = PBXSourcesBuildPhase;
			buildActionMask = 2147483647;
			files = (
				E486059B1CB132AC00CDC0C9 /* ItemItemCFHandler.swift in Sources */,
				E45F85551C8BC60A008E25D5 /* People.swift in Sources */,
				E45F85561C8BC60A008E25D5 /* Movie.swift in Sources */,
				E45F85571C8BC60A008E25D5 /* Math.swift in Sources */,
				E45F85581C8BC60A008E25D5 /* recommenderAlgorithm.swift in Sources */,
				E45F85591C8BC60A008E25D5 /* PerfectHandlers.swift in Sources */,
				E48605A81CB261FD00CDC0C9 /* RatingPOSTHandler.swift in Sources */,
				E45AD5651C9D9B3800133BC7 /* algorithmTest.swift in Sources */,
				E48605981CB10AC100CDC0C9 /* Global.swift in Sources */,
				E45F855A1C8BC60A008E25D5 /* postgreSQLConnect.swift in Sources */,
				E45F85601C8BC6BA008E25D5 /* CFTest.swift in Sources */,
				E45AD5631C9D9B2200133BC7 /* mathTest.swift in Sources */,
				E45F855C1C8BC60A008E25D5 /* UserUserCFHandler.swift in Sources */,
				E4CB45EC1CAFCF2100D49192 /* DataManager.swift in Sources */,
				E461832A1C54D69000C4D886 /* rcmdServerTests.swift in Sources */,
			);
			runOnlyForDeploymentPostprocessing = 0;
		};
/* End PBXSourcesBuildPhase section */

/* Begin PBXTargetDependency section */
		E46183271C54D69000C4D886 /* PBXTargetDependency */ = {
			isa = PBXTargetDependency;
			target = E46183191C54D69000C4D886 /* rcmdServer */;
			targetProxy = E46183261C54D69000C4D886 /* PBXContainerItemProxy */;
		};
/* End PBXTargetDependency section */

/* Begin XCBuildConfiguration section */
		E461832C1C54D69000C4D886 /* Debug */ = {
			isa = XCBuildConfiguration;
			buildSettings = {
				ALWAYS_SEARCH_USER_PATHS = NO;
				CLANG_CXX_LANGUAGE_STANDARD = "gnu++0x";
				CLANG_CXX_LIBRARY = "libc++";
				CLANG_ENABLE_MODULES = YES;
				CLANG_ENABLE_OBJC_ARC = YES;
				CLANG_WARN_BOOL_CONVERSION = YES;
				CLANG_WARN_CONSTANT_CONVERSION = YES;
				CLANG_WARN_DIRECT_OBJC_ISA_USAGE = YES_ERROR;
				CLANG_WARN_EMPTY_BODY = YES;
				CLANG_WARN_ENUM_CONVERSION = YES;
				CLANG_WARN_INT_CONVERSION = YES;
				CLANG_WARN_OBJC_ROOT_CLASS = YES_ERROR;
				CLANG_WARN_UNREACHABLE_CODE = YES;
				CLANG_WARN__DUPLICATE_METHOD_MATCH = YES;
				CODE_SIGN_IDENTITY = "-";
				COPY_PHASE_STRIP = NO;
				CURRENT_PROJECT_VERSION = 1;
				DEBUG_INFORMATION_FORMAT = dwarf;
				ENABLE_STRICT_OBJC_MSGSEND = YES;
				ENABLE_TESTABILITY = YES;
				GCC_C_LANGUAGE_STANDARD = gnu99;
				GCC_DYNAMIC_NO_PIC = NO;
				GCC_NO_COMMON_BLOCKS = YES;
				GCC_OPTIMIZATION_LEVEL = 0;
				GCC_PREPROCESSOR_DEFINITIONS = (
					"DEBUG=1",
					"$(inherited)",
				);
				GCC_WARN_64_TO_32_BIT_CONVERSION = YES;
				GCC_WARN_ABOUT_RETURN_TYPE = YES_ERROR;
				GCC_WARN_UNDECLARED_SELECTOR = YES;
				GCC_WARN_UNINITIALIZED_AUTOS = YES_AGGRESSIVE;
				GCC_WARN_UNUSED_FUNCTION = YES;
				GCC_WARN_UNUSED_VARIABLE = YES;
				MACOSX_DEPLOYMENT_TARGET = 10.11;
				MTL_ENABLE_DEBUG_INFO = YES;
				ONLY_ACTIVE_ARCH = YES;
				SDKROOT = macosx;
				SWIFT_OPTIMIZATION_LEVEL = "-Onone";
				VERSIONING_SYSTEM = "apple-generic";
				VERSION_INFO_PREFIX = "";
			};
			name = Debug;
		};
		E461832D1C54D69000C4D886 /* Release */ = {
			isa = XCBuildConfiguration;
			buildSettings = {
				ALWAYS_SEARCH_USER_PATHS = NO;
				CLANG_CXX_LANGUAGE_STANDARD = "gnu++0x";
				CLANG_CXX_LIBRARY = "libc++";
				CLANG_ENABLE_MODULES = YES;
				CLANG_ENABLE_OBJC_ARC = YES;
				CLANG_WARN_BOOL_CONVERSION = YES;
				CLANG_WARN_CONSTANT_CONVERSION = YES;
				CLANG_WARN_DIRECT_OBJC_ISA_USAGE = YES_ERROR;
				CLANG_WARN_EMPTY_BODY = YES;
				CLANG_WARN_ENUM_CONVERSION = YES;
				CLANG_WARN_INT_CONVERSION = YES;
				CLANG_WARN_OBJC_ROOT_CLASS = YES_ERROR;
				CLANG_WARN_UNREACHABLE_CODE = YES;
				CLANG_WARN__DUPLICATE_METHOD_MATCH = YES;
				CODE_SIGN_IDENTITY = "-";
				COPY_PHASE_STRIP = NO;
				CURRENT_PROJECT_VERSION = 1;
				DEBUG_INFORMATION_FORMAT = "dwarf-with-dsym";
				ENABLE_NS_ASSERTIONS = NO;
				ENABLE_STRICT_OBJC_MSGSEND = YES;
				GCC_C_LANGUAGE_STANDARD = gnu99;
				GCC_NO_COMMON_BLOCKS = YES;
				GCC_WARN_64_TO_32_BIT_CONVERSION = YES;
				GCC_WARN_ABOUT_RETURN_TYPE = YES_ERROR;
				GCC_WARN_UNDECLARED_SELECTOR = YES;
				GCC_WARN_UNINITIALIZED_AUTOS = YES_AGGRESSIVE;
				GCC_WARN_UNUSED_FUNCTION = YES;
				GCC_WARN_UNUSED_VARIABLE = YES;
				MACOSX_DEPLOYMENT_TARGET = 10.11;
				MTL_ENABLE_DEBUG_INFO = NO;
				SDKROOT = macosx;
				VERSIONING_SYSTEM = "apple-generic";
				VERSION_INFO_PREFIX = "";
			};
			name = Release;
		};
		E461832F1C54D69000C4D886 /* Debug */ = {
			isa = XCBuildConfiguration;
			buildSettings = {
				CLANG_ENABLE_MODULES = YES;
				COMBINE_HIDPI_IMAGES = YES;
				DEFINES_MODULE = YES;
				DEPLOYMENT_LOCATION = YES;
				DSTROOT = /Users/song/Developer/perfectServer;
				DYLIB_COMPATIBILITY_VERSION = 1;
				DYLIB_CURRENT_VERSION = 1;
				DYLIB_INSTALL_NAME_BASE = "@rpath";
				EMBEDDED_CONTENT_CONTAINS_SWIFT = YES;
				FRAMEWORK_SEARCH_PATHS = (
					"$(inherited)",
					"$(LOCAL_LIBRARY_DIR)/Frameworks",
				);
				FRAMEWORK_VERSION = A;
				INFOPLIST_FILE = rcmdServer/Info.plist;
				INSTALL_PATH = /PerfectLibraries;
				LD_RUNPATH_SEARCH_PATHS = "$(inherited) @executable_path/../Frameworks @loader_path/Frameworks";
				PRODUCT_BUNDLE_IDENTIFIER = com.gogozs.rcmdServer;
				PRODUCT_NAME = "$(TARGET_NAME)";
				SKIP_INSTALL = NO;
				SWIFT_OPTIMIZATION_LEVEL = "-Onone";
			};
			name = Debug;
		};
		E46183301C54D69000C4D886 /* Release */ = {
			isa = XCBuildConfiguration;
			buildSettings = {
				CLANG_ENABLE_MODULES = YES;
				COMBINE_HIDPI_IMAGES = YES;
				DEFINES_MODULE = YES;
				DEPLOYMENT_LOCATION = YES;
				DSTROOT = /Users/song/Developer/perfectServer;
				DYLIB_COMPATIBILITY_VERSION = 1;
				DYLIB_CURRENT_VERSION = 1;
				DYLIB_INSTALL_NAME_BASE = "@rpath";
				EMBEDDED_CONTENT_CONTAINS_SWIFT = YES;
				FRAMEWORK_SEARCH_PATHS = (
					"$(inherited)",
					"$(LOCAL_LIBRARY_DIR)/Frameworks",
				);
				FRAMEWORK_VERSION = A;
				INFOPLIST_FILE = rcmdServer/Info.plist;
				INSTALL_PATH = /PerfectLibraries;
				LD_RUNPATH_SEARCH_PATHS = "$(inherited) @executable_path/../Frameworks @loader_path/Frameworks";
				PRODUCT_BUNDLE_IDENTIFIER = com.gogozs.rcmdServer;
				PRODUCT_NAME = "$(TARGET_NAME)";
				SKIP_INSTALL = NO;
			};
			name = Release;
		};
		E46183321C54D69000C4D886 /* Debug */ = {
			isa = XCBuildConfiguration;
			buildSettings = {
				COMBINE_HIDPI_IMAGES = YES;
				FRAMEWORK_SEARCH_PATHS = (
					"$(inherited)",
					"$(LOCAL_LIBRARY_DIR)/Frameworks",
				);
				INFOPLIST_FILE = rcmdServerTests/Info.plist;
				LD_RUNPATH_SEARCH_PATHS = "$(inherited) @executable_path/../Frameworks @loader_path/../Frameworks";
				PRODUCT_BUNDLE_IDENTIFIER = com.gogozs.rcmdServerTests;
				PRODUCT_NAME = "$(TARGET_NAME)";
			};
			name = Debug;
		};
		E46183331C54D69000C4D886 /* Release */ = {
			isa = XCBuildConfiguration;
			buildSettings = {
				COMBINE_HIDPI_IMAGES = YES;
				FRAMEWORK_SEARCH_PATHS = (
					"$(inherited)",
					"$(LOCAL_LIBRARY_DIR)/Frameworks",
				);
				INFOPLIST_FILE = rcmdServerTests/Info.plist;
				LD_RUNPATH_SEARCH_PATHS = "$(inherited) @executable_path/../Frameworks @loader_path/../Frameworks";
				PRODUCT_BUNDLE_IDENTIFIER = com.gogozs.rcmdServerTests;
				PRODUCT_NAME = "$(TARGET_NAME)";
			};
			name = Release;
		};
/* End XCBuildConfiguration section */

/* Begin XCConfigurationList section */
		E46183141C54D69000C4D886 /* Build configuration list for PBXProject "rcmdServer" */ = {
			isa = XCConfigurationList;
			buildConfigurations = (
				E461832C1C54D69000C4D886 /* Debug */,
				E461832D1C54D69000C4D886 /* Release */,
			);
			defaultConfigurationIsVisible = 0;
			defaultConfigurationName = Release;
		};
		E461832E1C54D69000C4D886 /* Build configuration list for PBXNativeTarget "rcmdServer" */ = {
			isa = XCConfigurationList;
			buildConfigurations = (
				E461832F1C54D69000C4D886 /* Debug */,
				E46183301C54D69000C4D886 /* Release */,
			);
			defaultConfigurationIsVisible = 0;
			defaultConfigurationName = Release;
		};
		E46183311C54D69000C4D886 /* Build configuration list for PBXNativeTarget "rcmdServerTests" */ = {
			isa = XCConfigurationList;
			buildConfigurations = (
				E46183321C54D69000C4D886 /* Debug */,
				E46183331C54D69000C4D886 /* Release */,
			);
			defaultConfigurationIsVisible = 0;
			defaultConfigurationName = Release;
		};
/* End XCConfigurationList section */
	};
	rootObject = E46183111C54D69000C4D886 /* Project object */;
}
